
Microsoft Visual Studio Solution File, Format Version 12.00
# Visual Studio Version 17
VisualStudioVersion = 17.8.34330.188
MinimumVisualStudioVersion = 10.0.40219.1
Project("{9A19103F-16F7-4668-BE54-9A1E7A4F7556}") = "ExampleAuthorizeView", "ExampleAuthorizeView.csproj", "{52903667-D544-4D4F-9AA5-A779C84EFA9C}"
EndProject
Global
	GlobalSection(SolutionConfigurationPlatforms) = preSolution
		Debug|Any CPU = Debug|Any CPU
		Release|Any CPU = Release|Any CPU
	EndGlobalSection
	GlobalSection(ProjectConfigurationPlatforms) = postSolution
		{52903667-D544-4D4F-9AA5-A779C84EFA9C}.Debug|Any CPU.ActiveCfg = Debug|Any CPU
		{52903667-D544-4D4F-9AA5-A779C84EFA9C}.Debug|Any CPU.Build.0 = Debug|Any CPU
		{52903667-D544-4D4F-9AA5-A779C84EFA9C}.Release|Any CPU.ActiveCfg = Release|Any CPU
		{52903667-D544-4D4F-9AA5-A779C84EFA9C}.Release|Any CPU.Build.0 = Release|Any CPU
	EndGlobalSection
	GlobalSection(SolutionProperties) = preSolution
		HideSolutionNode = FALSE
	EndGlobalSection
	GlobalSection(ExtensibilityGlobals) = postSolution
		SolutionGuid = {741AE3FC-E408-4BA9-BC80-DB3A0B694D3B}
	EndGlobalSection
EndGlobal
